// !$*UTF8*$!
{
	archiveVersion = 1;
	classes = {
	};
	objectVersion = 56;
	objects = {

/* Begin PBXBuildFile section */
		276F9C0E291FD63000E3AB18 /* SwiftUIKit in Frameworks */ = {isa = PBXBuildFile; productRef = 276F9C0D291FD63000E3AB18 /* SwiftUIKit */; };
		2777D2A9291D228200BF7D3F /* Life_TrackerApp.swift in Sources */ = {isa = PBXBuildFile; fileRef = 2777D2A8291D228200BF7D3F /* Life_TrackerApp.swift */; };
		2777D2AB291D228200BF7D3F /* ContentView.swift in Sources */ = {isa = PBXBuildFile; fileRef = 2777D2AA291D228200BF7D3F /* ContentView.swift */; };
		2777D2AD291D228400BF7D3F /* Assets.xcassets in Resources */ = {isa = PBXBuildFile; fileRef = 2777D2AC291D228400BF7D3F /* Assets.xcassets */; };
		2777D2B0291D228400BF7D3F /* Preview Assets.xcassets in Resources */ = {isa = PBXBuildFile; fileRef = 2777D2AF291D228400BF7D3F /* Preview Assets.xcassets */; };
		2777D2BA291D228500BF7D3F /* Life_TrackerTests.swift in Sources */ = {isa = PBXBuildFile; fileRef = 2777D2B9291D228500BF7D3F /* Life_TrackerTests.swift */; };
		2777D2C4291D228500BF7D3F /* Life_TrackerUITests.swift in Sources */ = {isa = PBXBuildFile; fileRef = 2777D2C3291D228500BF7D3F /* Life_TrackerUITests.swift */; };
		2777D2C6291D228500BF7D3F /* Life_TrackerUITestsLaunchTests.swift in Sources */ = {isa = PBXBuildFile; fileRef = 2777D2C5291D228500BF7D3F /* Life_TrackerUITestsLaunchTests.swift */; };
		2777D2D4291D29EF00BF7D3F /* MenuView.swift in Sources */ = {isa = PBXBuildFile; fileRef = 2777D2D3291D29EF00BF7D3F /* MenuView.swift */; };
		2777D2D6291D3A6200BF7D3F /* AddDataView.swift in Sources */ = {isa = PBXBuildFile; fileRef = 2777D2D5291D3A6200BF7D3F /* AddDataView.swift */; };
/* End PBXBuildFile section */

/* Begin PBXContainerItemProxy section */
		2777D2B6291D228500BF7D3F /* PBXContainerItemProxy */ = {
			isa = PBXContainerItemProxy;
			containerPortal = 2777D29D291D228100BF7D3F /* Project object */;
			proxyType = 1;
			remoteGlobalIDString = 2777D2A4291D228200BF7D3F;
			remoteInfo = "Life Tracker";
		};
		2777D2C0291D228500BF7D3F /* PBXContainerItemProxy */ = {
			isa = PBXContainerItemProxy;
			containerPortal = 2777D29D291D228100BF7D3F /* Project object */;
			proxyType = 1;
			remoteGlobalIDString = 2777D2A4291D228200BF7D3F;
			remoteInfo = "Life Tracker";
		};
/* End PBXContainerItemProxy section */

/* Begin PBXFileReference section */
		2777D2A5291D228200BF7D3F /* Life Tracker.app */ = {isa = PBXFileReference; explicitFileType = wrapper.application; includeInIndex = 0; path = "Life Tracker.app"; sourceTree = BUILT_PRODUCTS_DIR; };
		2777D2A8291D228200BF7D3F /* Life_TrackerApp.swift */ = {isa = PBXFileReference; lastKnownFileType = sourcecode.swift; path = Life_TrackerApp.swift; sourceTree = "<group>"; };
		2777D2AA291D228200BF7D3F /* ContentView.swift */ = {isa = PBXFileReference; lastKnownFileType = sourcecode.swift; path = ContentView.swift; sourceTree = "<group>"; };
		2777D2AC291D228400BF7D3F /* Assets.xcassets */ = {isa = PBXFileReference; lastKnownFileType = folder.assetcatalog; path = Assets.xcassets; sourceTree = "<group>"; };
		2777D2AF291D228400BF7D3F /* Preview Assets.xcassets */ = {isa = PBXFileReference; lastKnownFileType = folder.assetcatalog; path = "Preview Assets.xcassets"; sourceTree = "<group>"; };
		2777D2B5291D228500BF7D3F /* Life TrackerTests.xctest */ = {isa = PBXFileReference; explicitFileType = wrapper.cfbundle; includeInIndex = 0; path = "Life TrackerTests.xctest"; sourceTree = BUILT_PRODUCTS_DIR; };
		2777D2B9291D228500BF7D3F /* Life_TrackerTests.swift */ = {isa = PBXFileReference; lastKnownFileType = sourcecode.swift; path = Life_TrackerTests.swift; sourceTree = "<group>"; };
		2777D2BF291D228500BF7D3F /* Life TrackerUITests.xctest */ = {isa = PBXFileReference; explicitFileType = wrapper.cfbundle; includeInIndex = 0; path = "Life TrackerUITests.xctest"; sourceTree = BUILT_PRODUCTS_DIR; };
		2777D2C3291D228500BF7D3F /* Life_TrackerUITests.swift */ = {isa = PBXFileReference; lastKnownFileType = sourcecode.swift; path = Life_TrackerUITests.swift; sourceTree = "<group>"; };
		2777D2C5291D228500BF7D3F /* Life_TrackerUITestsLaunchTests.swift */ = {isa = PBXFileReference; lastKnownFileType = sourcecode.swift; path = Life_TrackerUITestsLaunchTests.swift; sourceTree = "<group>"; };
		2777D2D3291D29EF00BF7D3F /* MenuView.swift */ = {isa = PBXFileReference; lastKnownFileType = sourcecode.swift; path = MenuView.swift; sourceTree = "<group>"; };
		2777D2D5291D3A6200BF7D3F /* AddDataView.swift */ = {isa = PBXFileReference; lastKnownFileType = sourcecode.swift; path = AddDataView.swift; sourceTree = "<group>"; };
/* End PBXFileReference section */

/* Begin PBXFrameworksBuildPhase section */
		2777D2A2291D228200BF7D3F /* Frameworks */ = {
			isa = PBXFrameworksBuildPhase;
			buildActionMask = 2147483647;
			files = (
				276F9C0E291FD63000E3AB18 /* SwiftUIKit in Frameworks */,
			);
			runOnlyForDeploymentPostprocessing = 0;
		};
		2777D2B2291D228500BF7D3F /* Frameworks */ = {
			isa = PBXFrameworksBuildPhase;
			buildActionMask = 2147483647;
			files = (
			);
			runOnlyForDeploymentPostprocessing = 0;
		};
		2777D2BC291D228500BF7D3F /* Frameworks */ = {
			isa = PBXFrameworksBuildPhase;
			buildActionMask = 2147483647;
			files = (
			);
			runOnlyForDeploymentPostprocessing = 0;
		};
/* End PBXFrameworksBuildPhase section */

/* Begin PBXGroup section */
		2777D29C291D228100BF7D3F = {
			isa = PBXGroup;
			children = (
				2777D2A7291D228200BF7D3F /* Life Tracker */,
				2777D2B8291D228500BF7D3F /* Life TrackerTests */,
				2777D2C2291D228500BF7D3F /* Life TrackerUITests */,
				2777D2A6291D228200BF7D3F /* Products */,
			);
			sourceTree = "<group>";
		};
		2777D2A6291D228200BF7D3F /* Products */ = {
			isa = PBXGroup;
			children = (
				2777D2A5291D228200BF7D3F /* Life Tracker.app */,
				2777D2B5291D228500BF7D3F /* Life TrackerTests.xctest */,
				2777D2BF291D228500BF7D3F /* Life TrackerUITests.xctest */,
			);
			name = Products;
			sourceTree = "<group>";
		};
		2777D2A7291D228200BF7D3F /* Life Tracker */ = {
			isa = PBXGroup;
			children = (
				2777D2A8291D228200BF7D3F /* Life_TrackerApp.swift */,
				2777D2D2291D29D300BF7D3F /* Views */,
				2777D2AC291D228400BF7D3F /* Assets.xcassets */,
				2777D2AE291D228400BF7D3F /* Preview Content */,
			);
			path = "Life Tracker";
			sourceTree = "<group>";
		};
		2777D2AE291D228400BF7D3F /* Preview Content */ = {
			isa = PBXGroup;
			children = (
				2777D2AF291D228400BF7D3F /* Preview Assets.xcassets */,
			);
			path = "Preview Content";
			sourceTree = "<group>";
		};
		2777D2B8291D228500BF7D3F /* Life TrackerTests */ = {
			isa = PBXGroup;
			children = (
				2777D2B9291D228500BF7D3F /* Life_TrackerTests.swift */,
			);
			path = "Life TrackerTests";
			sourceTree = "<group>";
		};
		2777D2C2291D228500BF7D3F /* Life TrackerUITests */ = {
			isa = PBXGroup;
			children = (
				2777D2C3291D228500BF7D3F /* Life_TrackerUITests.swift */,
				2777D2C5291D228500BF7D3F /* Life_TrackerUITestsLaunchTests.swift */,
			);
			path = "Life TrackerUITests";
			sourceTree = "<group>";
		};
		2777D2D2291D29D300BF7D3F /* Views */ = {
			isa = PBXGroup;
			children = (
				2777D2AA291D228200BF7D3F /* ContentView.swift */,
				2777D2D5291D3A6200BF7D3F /* AddDataView.swift */,
				2777D2D3291D29EF00BF7D3F /* MenuView.swift */,
			);
			path = Views;
			sourceTree = "<group>";
		};
/* End PBXGroup section */

/* Begin PBXNativeTarget section */
		2777D2A4291D228200BF7D3F /* Life Tracker */ = {
			isa = PBXNativeTarget;
			buildConfigurationList = 2777D2C9291D228500BF7D3F /* Build configuration list for PBXNativeTarget "Life Tracker" */;
			buildPhases = (
				2777D2A1291D228200BF7D3F /* Sources */,
				2777D2A2291D228200BF7D3F /* Frameworks */,
				2777D2A3291D228200BF7D3F /* Resources */,
			);
			buildRules = (
			);
			dependencies = (
			);
			name = "Life Tracker";
			packageProductDependencies = (
				276F9C0D291FD63000E3AB18 /* SwiftUIKit */,
			);
			productName = "Life Tracker";
			productReference = 2777D2A5291D228200BF7D3F /* Life Tracker.app */;
			productType = "com.apple.product-type.application";
		};
		2777D2B4291D228500BF7D3F /* Life TrackerTests */ = {
			isa = PBXNativeTarget;
			buildConfigurationList = 2777D2CC291D228500BF7D3F /* Build configuration list for PBXNativeTarget "Life TrackerTests" */;
			buildPhases = (
				2777D2B1291D228500BF7D3F /* Sources */,
				2777D2B2291D228500BF7D3F /* Frameworks */,
				2777D2B3291D228500BF7D3F /* Resources */,
			);
			buildRules = (
			);
			dependencies = (
				2777D2B7291D228500BF7D3F /* PBXTargetDependency */,
			);
			name = "Life TrackerTests";
			productName = "Life TrackerTests";
			productReference = 2777D2B5291D228500BF7D3F /* Life TrackerTests.xctest */;
			productType = "com.apple.product-type.bundle.unit-test";
		};
		2777D2BE291D228500BF7D3F /* Life TrackerUITests */ = {
			isa = PBXNativeTarget;
			buildConfigurationList = 2777D2CF291D228500BF7D3F /* Build configuration list for PBXNativeTarget "Life TrackerUITests" */;
			buildPhases = (
				2777D2BB291D228500BF7D3F /* Sources */,
				2777D2BC291D228500BF7D3F /* Frameworks */,
				2777D2BD291D228500BF7D3F /* Resources */,
			);
			buildRules = (
			);
			dependencies = (
				2777D2C1291D228500BF7D3F /* PBXTargetDependency */,
			);
			name = "Life TrackerUITests";
			productName = "Life TrackerUITests";
			productReference = 2777D2BF291D228500BF7D3F /* Life TrackerUITests.xctest */;
			productType = "com.apple.product-type.bundle.ui-testing";
		};
/* End PBXNativeTarget section */

/* Begin PBXProject section */
		2777D29D291D228100BF7D3F /* Project object */ = {
			isa = PBXProject;
			attributes = {
				BuildIndependentTargetsInParallel = 1;
				LastSwiftUpdateCheck = 1410;
				LastUpgradeCheck = 1410;
				TargetAttributes = {
					2777D2A4291D228200BF7D3F = {
						CreatedOnToolsVersion = 14.1;
					};
					2777D2B4291D228500BF7D3F = {
						CreatedOnToolsVersion = 14.1;
						TestTargetID = 2777D2A4291D228200BF7D3F;
					};
					2777D2BE291D228500BF7D3F = {
						CreatedOnToolsVersion = 14.1;
						TestTargetID = 2777D2A4291D228200BF7D3F;
					};
				};
			};
			buildConfigurationList = 2777D2A0291D228100BF7D3F /* Build configuration list for PBXProject "Life Tracker" */;
			compatibilityVersion = "Xcode 14.0";
			developmentRegion = en;
			hasScannedForEncodings = 0;
			knownRegions = (
				en,
				Base,
			);
			mainGroup = 2777D29C291D228100BF7D3F;
			packageReferences = (
				276F9C0C291FD63000E3AB18 /* XCRemoteSwiftPackageReference "SwiftUIKit" */,
			);
			productRefGroup = 2777D2A6291D228200BF7D3F /* Products */;
			projectDirPath = "";
			projectRoot = "";
			targets = (
				2777D2A4291D228200BF7D3F /* Life Tracker */,
				2777D2B4291D228500BF7D3F /* Life TrackerTests */,
				2777D2BE291D228500BF7D3F /* Life TrackerUITests */,
			);
		};
/* End PBXProject section */

/* Begin PBXResourcesBuildPhase section */
		2777D2A3291D228200BF7D3F /* Resources */ = {
			isa = PBXResourcesBuildPhase;
			buildActionMask = 2147483647;
			files = (
				2777D2B0291D228400BF7D3F /* Preview Assets.xcassets in Resources */,
				2777D2AD291D228400BF7D3F /* Assets.xcassets in Resources */,
			);
			runOnlyForDeploymentPostprocessing = 0;
		};
		2777D2B3291D228500BF7D3F /* Resources */ = {
			isa = PBXResourcesBuildPhase;
			buildActionMask = 2147483647;
			files = (
			);
			runOnlyForDeploymentPostprocessing = 0;
		};
		2777D2BD291D228500BF7D3F /* Resources */ = {
			isa = PBXResourcesBuildPhase;
			buildActionMask = 2147483647;
			files = (
			);
			runOnlyForDeploymentPostprocessing = 0;
		};
/* End PBXResourcesBuildPhase section */

/* Begin PBXSourcesBuildPhase section */
		2777D2A1291D228200BF7D3F /* Sources */ = {
			isa = PBXSourcesBuildPhase;
			buildActionMask = 2147483647;
			files = (
				2777D2AB291D228200BF7D3F /* ContentView.swift in Sources */,
				2777D2D4291D29EF00BF7D3F /* MenuView.swift in Sources */,
				2777D2D6291D3A6200BF7D3F /* AddDataView.swift in Sources */,
				2777D2A9291D228200BF7D3F /* Life_TrackerApp.swift in Sources */,
			);
			runOnlyForDeploymentPostprocessing = 0;
		};
		2777D2B1291D228500BF7D3F /* Sources */ = {
			isa = PBXSourcesBuildPhase;
			buildActionMask = 2147483647;
			files = (
				2777D2BA291D228500BF7D3F /* Life_TrackerTests.swift in Sources */,
			);
			runOnlyForDeploymentPostprocessing = 0;
		};
		2777D2BB291D228500BF7D3F /* Sources */ = {
			isa = PBXSourcesBuildPhase;
			buildActionMask = 2147483647;
			files = (
				2777D2C4291D228500BF7D3F /* Life_TrackerUITests.swift in Sources */,
				2777D2C6291D228500BF7D3F /* Life_TrackerUITestsLaunchTests.swift in Sources */,
			);
			runOnlyForDeploymentPostprocessing = 0;
		};
/* End PBXSourcesBuildPhase section */

/* Begin PBXTargetDependency section */
		2777D2B7291D228500BF7D3F /* PBXTargetDependency */ = {
			isa = PBXTargetDependency;
			target = 2777D2A4291D228200BF7D3F /* Life Tracker */;
			targetProxy = 2777D2B6291D228500BF7D3F /* PBXContainerItemProxy */;
		};
		2777D2C1291D228500BF7D3F /* PBXTargetDependency */ = {
			isa = PBXTargetDependency;
			target = 2777D2A4291D228200BF7D3F /* Life Tracker */;
			targetProxy = 2777D2C0291D228500BF7D3F /* PBXContainerItemProxy */;
		};
/* End PBXTargetDependency section */

/* Begin XCBuildConfiguration section */
		2777D2C7291D228500BF7D3F /* Debug */ = {
			isa = XCBuildConfiguration;
			buildSettings = {
				ALWAYS_SEARCH_USER_PATHS = NO;
				CLANG_ANALYZER_NONNULL = YES;
				CLANG_ANALYZER_NUMBER_OBJECT_CONVERSION = YES_AGGRESSIVE;
				CLANG_CXX_LANGUAGE_STANDARD = "gnu++20";
				CLANG_ENABLE_MODULES = YES;
				CLANG_ENABLE_OBJC_ARC = YES;
				CLANG_ENABLE_OBJC_WEAK = YES;
				CLANG_WARN_BLOCK_CAPTURE_AUTORELEASING = YES;
				CLANG_WARN_BOOL_CONVERSION = YES;
				CLANG_WARN_COMMA = YES;
				CLANG_WARN_CONSTANT_CONVERSION = YES;
				CLANG_WARN_DEPRECATED_OBJC_IMPLEMENTATIONS = YES;
				CLANG_WARN_DIRECT_OBJC_ISA_USAGE = YES_ERROR;
				CLANG_WARN_DOCUMENTATION_COMMENTS = YES;
				CLANG_WARN_EMPTY_BODY = YES;
				CLANG_WARN_ENUM_CONVERSION = YES;
				CLANG_WARN_INFINITE_RECURSION = YES;
				CLANG_WARN_INT_CONVERSION = YES;
				CLANG_WARN_NON_LITERAL_NULL_CONVERSION = YES;
				CLANG_WARN_OBJC_IMPLICIT_RETAIN_SELF = YES;
				CLANG_WARN_OBJC_LITERAL_CONVERSION = YES;
				CLANG_WARN_OBJC_ROOT_CLASS = YES_ERROR;
				CLANG_WARN_QUOTED_INCLUDE_IN_FRAMEWORK_HEADER = YES;
				CLANG_WARN_RANGE_LOOP_ANALYSIS = YES;
				CLANG_WARN_STRICT_PROTOTYPES = YES;
				CLANG_WARN_SUSPICIOUS_MOVE = YES;
				CLANG_WARN_UNGUARDED_AVAILABILITY = YES_AGGRESSIVE;
				CLANG_WARN_UNREACHABLE_CODE = YES;
				CLANG_WARN__DUPLICATE_METHOD_MATCH = YES;
				COPY_PHASE_STRIP = NO;
				DEBUG_INFORMATION_FORMAT = dwarf;
				ENABLE_STRICT_OBJC_MSGSEND = YES;
				ENABLE_TESTABILITY = YES;
				GCC_C_LANGUAGE_STANDARD = gnu11;
				GCC_DYNAMIC_NO_PIC = NO;
				GCC_NO_COMMON_BLOCKS = YES;
				GCC_OPTIMIZATION_LEVEL = 0;
				GCC_PREPROCESSOR_DEFINITIONS = (
					"DEBUG=1",
					"$(inherited)",
				);
				GCC_WARN_64_TO_32_BIT_CONVERSION = YES;
				GCC_WARN_ABOUT_RETURN_TYPE = YES_ERROR;
				GCC_WARN_UNDECLARED_SELECTOR = YES;
				GCC_WARN_UNINITIALIZED_AUTOS = YES_AGGRESSIVE;
				GCC_WARN_UNUSED_FUNCTION = YES;
				GCC_WARN_UNUSED_VARIABLE = YES;
				IPHONEOS_DEPLOYMENT_TARGET = 16.1;
				MTL_ENABLE_DEBUG_INFO = INCLUDE_SOURCE;
				MTL_FAST_MATH = YES;
				ONLY_ACTIVE_ARCH = YES;
				SDKROOT = iphoneos;
				SWIFT_ACTIVE_COMPILATION_CONDITIONS = DEBUG;
				SWIFT_OPTIMIZATION_LEVEL = "-Onone";
			};
			name = Debug;
		};
		2777D2C8291D228500BF7D3F /* Release */ = {
			isa = XCBuildConfiguration;
			buildSettings = {
				ALWAYS_SEARCH_USER_PATHS = NO;
				CLANG_ANALYZER_NONNULL = YES;
				CLANG_ANALYZER_NUMBER_OBJECT_CONVERSION = YES_AGGRESSIVE;
				CLANG_CXX_LANGUAGE_STANDARD = "gnu++20";
				CLANG_ENABLE_MODULES = YES;
				CLANG_ENABLE_OBJC_ARC = YES;
				CLANG_ENABLE_OBJC_WEAK = YES;
				CLANG_WARN_BLOCK_CAPTURE_AUTORELEASING = YES;
				CLANG_WARN_BOOL_CONVERSION = YES;
				CLANG_WARN_COMMA = YES;
				CLANG_WARN_CONSTANT_CONVERSION = YES;
				CLANG_WARN_DEPRECATED_OBJC_IMPLEMENTATIONS = YES;
				CLANG_WARN_DIRECT_OBJC_ISA_USAGE = YES_ERROR;
				CLANG_WARN_DOCUMENTATION_COMMENTS = YES;
				CLANG_WARN_EMPTY_BODY = YES;
				CLANG_WARN_ENUM_CONVERSION = YES;
				CLANG_WARN_INFINITE_RECURSION = YES;
				CLANG_WARN_INT_CONVERSION = YES;
				CLANG_WARN_NON_LITERAL_NULL_CONVERSION = YES;
				CLANG_WARN_OBJC_IMPLICIT_RETAIN_SELF = YES;
				CLANG_WARN_OBJC_LITERAL_CONVERSION = YES;
				CLANG_WARN_OBJC_ROOT_CLASS = YES_ERROR;
				CLANG_WARN_QUOTED_INCLUDE_IN_FRAMEWORK_HEADER = YES;
				CLANG_WARN_RANGE_LOOP_ANALYSIS = YES;
				CLANG_WARN_STRICT_PROTOTYPES = YES;
				CLANG_WARN_SUSPICIOUS_MOVE = YES;
				CLANG_WARN_UNGUARDED_AVAILABILITY = YES_AGGRESSIVE;
				CLANG_WARN_UNREACHABLE_CODE = YES;
				CLANG_WARN__DUPLICATE_METHOD_MATCH = YES;
				COPY_PHASE_STRIP = NO;
				DEBUG_INFORMATION_FORMAT = "dwarf-with-dsym";
				ENABLE_NS_ASSERTIONS = NO;
				ENABLE_STRICT_OBJC_MSGSEND = YES;
				GCC_C_LANGUAGE_STANDARD = gnu11;
				GCC_NO_COMMON_BLOCKS = YES;
				GCC_WARN_64_TO_32_BIT_CONVERSION = YES;
				GCC_WARN_ABOUT_RETURN_TYPE = YES_ERROR;
				GCC_WARN_UNDECLARED_SELECTOR = YES;
				GCC_WARN_UNINITIALIZED_AUTOS = YES_AGGRESSIVE;
				GCC_WARN_UNUSED_FUNCTION = YES;
				GCC_WARN_UNUSED_VARIABLE = YES;
				IPHONEOS_DEPLOYMENT_TARGET = 16.1;
				MTL_ENABLE_DEBUG_INFO = NO;
				MTL_FAST_MATH = YES;
				SDKROOT = iphoneos;
				SWIFT_COMPILATION_MODE = wholemodule;
				SWIFT_OPTIMIZATION_LEVEL = "-O";
				VALIDATE_PRODUCT = YES;
			};
			name = Release;
		};
		2777D2CA291D228500BF7D3F /* Debug */ = {
			isa = XCBuildConfiguration;
			buildSettings = {
				ASSETCATALOG_COMPILER_APPICON_NAME = AppIcon;
				ASSETCATALOG_COMPILER_GLOBAL_ACCENT_COLOR_NAME = AccentColor;
				CODE_SIGN_STYLE = Automatic;
				CURRENT_PROJECT_VERSION = 1;
				DEVELOPMENT_ASSET_PATHS = "\"Life Tracker/Preview Content\"";
				DEVELOPMENT_TEAM = 62S97QW86G;
				ENABLE_PREVIEWS = YES;
				GENERATE_INFOPLIST_FILE = YES;
				INFOPLIST_KEY_UIApplicationSceneManifest_Generation = YES;
				INFOPLIST_KEY_UIApplicationSupportsIndirectInputEvents = YES;
				INFOPLIST_KEY_UILaunchScreen_Generation = YES;
				INFOPLIST_KEY_UISupportedInterfaceOrientations_iPad = "UIInterfaceOrientationPortrait UIInterfaceOrientationPortraitUpsideDown UIInterfaceOrientationLandscapeLeft UIInterfaceOrientationLandscapeRight";
				INFOPLIST_KEY_UISupportedInterfaceOrientations_iPhone = "UIInterfaceOrientationPortrait UIInterfaceOrientationLandscapeLeft UIInterfaceOrientationLandscapeRight";
				LD_RUNPATH_SEARCH_PATHS = (
					"$(inherited)",
					"@executable_path/Frameworks",
				);
				MARKETING_VERSION = 1.0;
				PRODUCT_BUNDLE_IDENTIFIER = "Killian-Steunou.Life-Tracker";
				PRODUCT_NAME = "$(TARGET_NAME)";
				SWIFT_EMIT_LOC_STRINGS = YES;
				SWIFT_VERSION = 5.0;
				TARGETED_DEVICE_FAMILY = "1,2";
			};
			name = Debug;
		};
		2777D2CB291D228500BF7D3F /* Release */ = {
			isa = XCBuildConfiguration;
			buildSettings = {
				ASSETCATALOG_COMPILER_APPICON_NAME = AppIcon;
				ASSETCATALOG_COMPILER_GLOBAL_ACCENT_COLOR_NAME = AccentColor;
				CODE_SIGN_STYLE = Automatic;
				CURRENT_PROJECT_VERSION = 1;
				DEVELOPMENT_ASSET_PATHS = "\"Life Tracker/Preview Content\"";
				DEVELOPMENT_TEAM = 62S97QW86G;
				ENABLE_PREVIEWS = YES;
				GENERATE_INFOPLIST_FILE = YES;
				INFOPLIST_KEY_UIApplicationSceneManifest_Generation = YES;
				INFOPLIST_KEY_UIApplicationSupportsIndirectInputEvents = YES;
				INFOPLIST_KEY_UILaunchScreen_Generation = YES;
				INFOPLIST_KEY_UISupportedInterfaceOrientations_iPad = "UIInterfaceOrientationPortrait UIInterfaceOrientationPortraitUpsideDown UIInterfaceOrientationLandscapeLeft UIInterfaceOrientationLandscapeRight";
				INFOPLIST_KEY_UISupportedInterfaceOrientations_iPhone = "UIInterfaceOrientationPortrait UIInterfaceOrientationLandscapeLeft UIInterfaceOrientationLandscapeRight";
				LD_RUNPATH_SEARCH_PATHS = (
					"$(inherited)",
					"@executable_path/Frameworks",
				);
				MARKETING_VERSION = 1.0;
				PRODUCT_BUNDLE_IDENTIFIER = "Killian-Steunou.Life-Tracker";
				PRODUCT_NAME = "$(TARGET_NAME)";
				SWIFT_EMIT_LOC_STRINGS = YES;
				SWIFT_VERSION = 5.0;
				TARGETED_DEVICE_FAMILY = "1,2";
			};
			name = Release;
		};
		2777D2CD291D228500BF7D3F /* Debug */ = {
			isa = XCBuildConfiguration;
			buildSettings = {
				ALWAYS_EMBED_SWIFT_STANDARD_LIBRARIES = YES;
				BUNDLE_LOADER = "$(TEST_HOST)";
				CODE_SIGN_STYLE = Automatic;
				CURRENT_PROJECT_VERSION = 1;
				DEVELOPMENT_TEAM = 62S97QW86G;
				GENERATE_INFOPLIST_FILE = YES;
				IPHONEOS_DEPLOYMENT_TARGET = 16.1;
				MARKETING_VERSION = 1.0;
				PRODUCT_BUNDLE_IDENTIFIER = "Killian-Steunou.Life-TrackerTests";
				PRODUCT_NAME = "$(TARGET_NAME)";
				SWIFT_EMIT_LOC_STRINGS = NO;
				SWIFT_VERSION = 5.0;
				TARGETED_DEVICE_FAMILY = "1,2";
				TEST_HOST = "$(BUILT_PRODUCTS_DIR)/Life Tracker.app/$(BUNDLE_EXECUTABLE_FOLDER_PATH)/Life Tracker";
			};
			name = Debug;
		};
		2777D2CE291D228500BF7D3F /* Release */ = {
			isa = XCBuildConfiguration;
			buildSettings = {
				ALWAYS_EMBED_SWIFT_STANDARD_LIBRARIES = YES;
				BUNDLE_LOADER = "$(TEST_HOST)";
				CODE_SIGN_STYLE = Automatic;
				CURRENT_PROJECT_VERSION = 1;
				DEVELOPMENT_TEAM = 62S97QW86G;
				GENERATE_INFOPLIST_FILE = YES;
				IPHONEOS_DEPLOYMENT_TARGET = 16.1;
				MARKETING_VERSION = 1.0;
				PRODUCT_BUNDLE_IDENTIFIER = "Killian-Steunou.Life-TrackerTests";
				PRODUCT_NAME = "$(TARGET_NAME)";
				SWIFT_EMIT_LOC_STRINGS = NO;
				SWIFT_VERSION = 5.0;
				TARGETED_DEVICE_FAMILY = "1,2";
				TEST_HOST = "$(BUILT_PRODUCTS_DIR)/Life Tracker.app/$(BUNDLE_EXECUTABLE_FOLDER_PATH)/Life Tracker";
			};
			name = Release;
		};
		2777D2D0291D228500BF7D3F /* Debug */ = {
			isa = XCBuildConfiguration;
			buildSettings = {
				ALWAYS_EMBED_SWIFT_STANDARD_LIBRARIES = YES;
				CODE_SIGN_STYLE = Automatic;
				CURRENT_PROJECT_VERSION = 1;
				DEVELOPMENT_TEAM = 62S97QW86G;
				GENERATE_INFOPLIST_FILE = YES;
				MARKETING_VERSION = 1.0;
				PRODUCT_BUNDLE_IDENTIFIER = "Killian-Steunou.Life-TrackerUITests";
				PRODUCT_NAME = "$(TARGET_NAME)";
				SWIFT_EMIT_LOC_STRINGS = NO;
				SWIFT_VERSION = 5.0;
				TARGETED_DEVICE_FAMILY = "1,2";
				TEST_TARGET_NAME = "Life Tracker";
			};
			name = Debug;
		};
		2777D2D1291D228500BF7D3F /* Release */ = {
			isa = XCBuildConfiguration;
			buildSettings = {
				ALWAYS_EMBED_SWIFT_STANDARD_LIBRARIES = YES;
				CODE_SIGN_STYLE = Automatic;
				CURRENT_PROJECT_VERSION = 1;
				DEVELOPMENT_TEAM = 62S97QW86G;
				GENERATE_INFOPLIST_FILE = YES;
				MARKETING_VERSION = 1.0;
				PRODUCT_BUNDLE_IDENTIFIER = "Killian-Steunou.Life-TrackerUITests";
				PRODUCT_NAME = "$(TARGET_NAME)";
				SWIFT_EMIT_LOC_STRINGS = NO;
				SWIFT_VERSION = 5.0;
				TARGETED_DEVICE_FAMILY = "1,2";
				TEST_TARGET_NAME = "Life Tracker";
			};
			name = Release;
		};
/* End XCBuildConfiguration section */

/* Begin XCConfigurationList section */
		2777D2A0291D228100BF7D3F /* Build configuration list for PBXProject "Life Tracker" */ = {
			isa = XCConfigurationList;
			buildConfigurations = (
				2777D2C7291D228500BF7D3F /* Debug */,
				2777D2C8291D228500BF7D3F /* Release */,
			);
			defaultConfigurationIsVisible = 0;
			defaultConfigurationName = Release;
		};
		2777D2C9291D228500BF7D3F /* Build configuration list for PBXNativeTarget "Life Tracker" */ = {
			isa = XCConfigurationList;
			buildConfigurations = (
				2777D2CA291D228500BF7D3F /* Debug */,
				2777D2CB291D228500BF7D3F /* Release */,
			);
			defaultConfigurationIsVisible = 0;
			defaultConfigurationName = Release;
		};
		2777D2CC291D228500BF7D3F /* Build configuration list for PBXNativeTarget "Life TrackerTests" */ = {
			isa = XCConfigurationList;
			buildConfigurations = (
				2777D2CD291D228500BF7D3F /* Debug */,
				2777D2CE291D228500BF7D3F /* Release */,
			);
			defaultConfigurationIsVisible = 0;
			defaultConfigurationName = Release;
		};
		2777D2CF291D228500BF7D3F /* Build configuration list for PBXNativeTarget "Life TrackerUITests" */ = {
			isa = XCConfigurationList;
			buildConfigurations = (
				2777D2D0291D228500BF7D3F /* Debug */,
				2777D2D1291D228500BF7D3F /* Release */,
			);
			defaultConfigurationIsVisible = 0;
			defaultConfigurationName = Release;
		};
/* End XCConfigurationList section */

/* Begin XCRemoteSwiftPackageReference section */
		276F9C0C291FD63000E3AB18 /* XCRemoteSwiftPackageReference "SwiftUIKit" */ = {
			isa = XCRemoteSwiftPackageReference;
			repositoryURL = "https://github.com/danielsaidi/SwiftUIKit.git";
			requirement = {
				kind = upToNextMinorVersion;
				minimumVersion = 3.1.0;
			};
		};
/* End XCRemoteSwiftPackageReference section */

/* Begin XCSwiftPackageProductDependency section */
		276F9C0D291FD63000E3AB18 /* SwiftUIKit */ = {
			isa = XCSwiftPackageProductDependency;
			package = 276F9C0C291FD63000E3AB18 /* XCRemoteSwiftPackageReference "SwiftUIKit" */;
			productName = SwiftUIKit;
		};
/* End XCSwiftPackageProductDependency section */
	};
	rootObject = 2777D29D291D228100BF7D3F /* Project object */;
}
